
Microsoft Visual Studio Solution File, Format Version 12.00
# Visual Studio 15
Project("{FAE04EC0-301F-11D3-BF4B-00C04F79EFBC}") = "UnityEngine.TestRunner", "UnityEngine.TestRunner.csproj", "{4A2C9189-8DF3-25A0-BD45-39CA4A6C1C42}"
EndProject
Project("{FAE04EC0-301F-11D3-BF4B-00C04F79EFBC}") = "Unity.Mathematics", "Unity.Mathematics.csproj", "{5B8DE827-4E58-08B2-A75A-6544FD990813}"
EndProject
Project("{FAE04EC0-301F-11D3-BF4B-00C04F79EFBC}") = "Unity.2D.Animation.Triangle.Runtime", "Unity.2D.Animation.Triangle.Runtime.csproj", "{71D81D5F-54CB-CA04-F0B3-3CADC7DDB96C}"
EndProject
Project("{FAE04EC0-301F-11D3-BF4B-00C04F79EFBC}") = "Unity.Timeline", "Unity.Timeline.csproj", "{D0CEF1F6-5DDB-40AA-DABF-C5FB1F0A23AE}"
EndProject
Project("{FAE04EC0-301F-11D3-BF4B-00C04F79EFBC}") = "UnityEngine.UI", "UnityEngine.UI.csproj", "{8D4B305F-0DCE-C66A-A820-14158701C779}"
EndProject
Project("{FAE04EC0-301F-11D3-BF4B-00C04F79EFBC}") = "Unity.TextMeshPro", "Unity.TextMeshPro.csproj", "{19E0BBEA-0E70-31BB-ABCA-117149FE0F1B}"
EndProject
Project("{FAE04EC0-301F-11D3-BF4B-00C04F79EFBC}") = "Unity.2D.Animation.Runtime", "Unity.2D.Animation.Runtime.csproj", "{C00ACC0F-01A5-C1F1-F748-AF78985E28E9}"
EndProject
Project("{FAE04EC0-301F-11D3-BF4B-00C04F79EFBC}") = "Unity.2D.IK.Runtime", "Unity.2D.IK.Runtime.csproj", "{EFD42A85-9C53-08EE-9B34-C96B88210093}"
EndProject
Project("{FAE04EC0-301F-11D3-BF4B-00C04F79EFBC}") = "Assembly-CSharp", "Assembly-CSharp.csproj", "{2D3E7C9C-5949-E884-C24A-8CFB429C8A2D}"
EndProject
Project("{FAE04EC0-301F-11D3-BF4B-00C04F79EFBC}") = "Unity.2D.SpriteShape.Runtime", "Unity.2D.SpriteShape.Runtime.csproj", "{C923937F-AA92-6F70-9B21-84C41ECB513C}"
EndProject
Project("{FAE04EC0-301F-11D3-BF4B-00C04F79EFBC}") = "Unity.2D.PixelPerfect", "Unity.2D.PixelPerfect.csproj", "{A52FE6FF-635F-B2FB-A99F-D12FE07EEE8C}"
EndProject
Project("{FAE04EC0-301F-11D3-BF4B-00C04F79EFBC}") = "Unity.2D.Common.Runtime", "Unity.2D.Common.Runtime.csproj", "{75F789EE-703E-D683-4995-5FB6D2A3F587}"
EndProject
Project("{FAE04EC0-301F-11D3-BF4B-00C04F79EFBC}") = "Unity.InternalAPIEngineBridge.001", "Unity.InternalAPIEngineBridge.001.csproj", "{60367F7F-D90C-B78C-8F34-FE7D2E4D5566}"
EndProject
Project("{FAE04EC0-301F-11D3-BF4B-00C04F79EFBC}") = "UnityEditor.TestRunner", "UnityEditor.TestRunner.csproj", "{478ECA82-EC24-5EF7-77D7-B4380CEBACDA}"
EndProject
Project("{FAE04EC0-301F-11D3-BF4B-00C04F79EFBC}") = "Unity.PlasticSCM.Editor", "Unity.PlasticSCM.Editor.csproj", "{99F635D1-2CB0-6BE7-C070-19F0AA6F0272}"
EndProject
Project("{FAE04EC0-301F-11D3-BF4B-00C04F79EFBC}") = "UnityEditor.UI", "UnityEditor.UI.csproj", "{C7029EA1-4736-2879-9547-5275AE49AD44}"
EndProject
Project("{FAE04EC0-301F-11D3-BF4B-00C04F79EFBC}") = "Unity.Timeline.Editor", "Unity.Timeline.Editor.csproj", "{1F3E464C-0F3D-24EC-DDC9-A76E2CC661EA}"
EndProject
Project("{FAE04EC0-301F-11D3-BF4B-00C04F79EFBC}") = "Unity.VisualStudio.Editor", "Unity.VisualStudio.Editor.csproj", "{5C3705B1-B20F-2A70-9D8A-E3210722AA9D}"
EndProject
Project("{FAE04EC0-301F-11D3-BF4B-00C04F79EFBC}") = "Unity.2D.Psdimporter.Editor", "Unity.2D.Psdimporter.Editor.csproj", "{8077D315-FDA2-F1B9-C177-BD2BE500884B}"
EndProject
Project("{FAE04EC0-301F-11D3-BF4B-00C04F79EFBC}") = "Unity.2D.Animation.Editor", "Unity.2D.Animation.Editor.csproj", "{2C55B03F-97EA-16EE-3F0A-FB23A345CE39}"
EndProject
Project("{FAE04EC0-301F-11D3-BF4B-00C04F79EFBC}") = "Unity.TextMeshPro.Editor", "Unity.TextMeshPro.Editor.csproj", "{B4AB30BC-7E09-5227-069A-15B9DAEE6268}"
EndProject
Project("{FAE04EC0-301F-11D3-BF4B-00C04F79EFBC}") = "Unity.2D.SpriteShape.Editor", "Unity.2D.SpriteShape.Editor.csproj", "{90FD06AD-BF52-4FF3-7488-2B445B2A7411}"
EndProject
Project("{FAE04EC0-301F-11D3-BF4B-00C04F79EFBC}") = "Unity.CollabProxy.Editor", "Unity.CollabProxy.Editor.csproj", "{AA52AA10-0212-3F91-AA4E-13E4BDCF9E03}"
EndProject
Project("{FAE04EC0-301F-11D3-BF4B-00C04F79EFBC}") = "PsdPlugin", "PsdPlugin.csproj", "{B8CF7844-54A0-0322-16BF-940502A6346A}"
EndProject
Project("{FAE04EC0-301F-11D3-BF4B-00C04F79EFBC}") = "Unity.2D.Path.Editor", "Unity.2D.Path.Editor.csproj", "{0A424769-B248-A7D6-E223-29DE101DC2E2}"
EndProject
Project("{FAE04EC0-301F-11D3-BF4B-00C04F79EFBC}") = "Unity.Rider.Editor", "Unity.Rider.Editor.csproj", "{65707F3A-65AF-3A8B-55D3-E2EA46BC8DB8}"
EndProject
Project("{FAE04EC0-301F-11D3-BF4B-00C04F79EFBC}") = "Unity.2D.IK.Editor", "Unity.2D.IK.Editor.csproj", "{702473F2-E629-A558-E5A1-01F5DFE1A48B}"
EndProject
Project("{FAE04EC0-301F-11D3-BF4B-00C04F79EFBC}") = "Unity.2D.Sprite.Editor", "Unity.2D.Sprite.Editor.csproj", "{281A2991-441D-DF49-FA8A-511A6A020FEF}"
EndProject
Project("{FAE04EC0-301F-11D3-BF4B-00C04F79EFBC}") = "Unity.2D.Tilemap.Editor", "Unity.2D.Tilemap.Editor.csproj", "{AB84C4D4-10BF-595D-C76A-553177D5E376}"
EndProject
Project("{FAE04EC0-301F-11D3-BF4B-00C04F79EFBC}") = "Unity.2D.PixelPerfect.Editor", "Unity.2D.PixelPerfect.Editor.csproj", "{A1803F7C-2C07-E5C5-3744-069C89B82ABC}"
EndProject
Project("{FAE04EC0-301F-11D3-BF4B-00C04F79EFBC}") = "Unity.VSCode.Editor", "Unity.VSCode.Editor.csproj", "{F4482F1D-4E4D-BF50-B1DC-52747E764B51}"
EndProject
Project("{FAE04EC0-301F-11D3-BF4B-00C04F79EFBC}") = "Unity.2D.Common.Editor", "Unity.2D.Common.Editor.csproj", "{095184C8-53F5-890D-BFD3-A836428F3B3E}"
EndProject
Project("{FAE04EC0-301F-11D3-BF4B-00C04F79EFBC}") = "Unity.Mathematics.Editor", "Unity.Mathematics.Editor.csproj", "{83A78BA2-96CF-8B24-384A-9593F6A46F5C}"
EndProject
Project("{FAE04EC0-301F-11D3-BF4B-00C04F79EFBC}") = "Unity.InternalAPIEditorBridge.001", "Unity.InternalAPIEditorBridge.001.csproj", "{1E2777DF-947E-C464-06D4-06C6ECDCC54C}"
EndProject
Project("{FAE04EC0-301F-11D3-BF4B-00C04F79EFBC}") = "UnityEngine.TestRunner", "UnityEngine.TestRunner.Player.csproj", "{E85F23D6-4C84-5F9E-4D6E-13B603FAB155}"
EndProject
Project("{FAE04EC0-301F-11D3-BF4B-00C04F79EFBC}") = "Unity.Mathematics", "Unity.Mathematics.Player.csproj", "{162F33B7-B1FA-F011-EF41-F73BD43D1A4F}"
EndProject
Project("{FAE04EC0-301F-11D3-BF4B-00C04F79EFBC}") = "Unity.2D.Animation.Triangle.Runtime", "Unity.2D.Animation.Triangle.Runtime.Player.csproj", "{F28A7C43-D5DA-3DFC-9790-39FA4752773B}"
EndProject
Project("{FAE04EC0-301F-11D3-BF4B-00C04F79EFBC}") = "Unity.Timeline", "Unity.Timeline.Player.csproj", "{B79BA392-FFEF-4729-E4D4-85EBE7150FED}"
EndProject
Project("{FAE04EC0-301F-11D3-BF4B-00C04F79EFBC}") = "UnityEngine.UI", "UnityEngine.UI.Player.csproj", "{09702A1F-EC8C-6FC3-09AB-FE9185B58C36}"
EndProject
Project("{FAE04EC0-301F-11D3-BF4B-00C04F79EFBC}") = "Unity.TextMeshPro", "Unity.TextMeshPro.Player.csproj", "{5CA2FA4E-2649-4BE8-7B8E-6042E1B11D19}"
EndProject
Project("{FAE04EC0-301F-11D3-BF4B-00C04F79EFBC}") = "Unity.2D.Animation.Runtime", "Unity.2D.Animation.Runtime.Player.csproj", "{3128C22C-2AE6-329C-ADA6-15A3052B269A}"
EndProject
Project("{FAE04EC0-301F-11D3-BF4B-00C04F79EFBC}") = "Unity.2D.IK.Runtime", "Unity.2D.IK.Runtime.Player.csproj", "{8463D6D4-E824-2BFD-EFD0-159D1E878699}"
EndProject
Project("{FAE04EC0-301F-11D3-BF4B-00C04F79EFBC}") = "Assembly-CSharp", "Assembly-CSharp.Player.csproj", "{EFFC6106-7ADA-E1DC-54E7-076B0DF9CF76}"
EndProject
Project("{FAE04EC0-301F-11D3-BF4B-00C04F79EFBC}") = "Unity.2D.SpriteShape.Runtime", "Unity.2D.SpriteShape.Runtime.Player.csproj", "{8A7520BA-2A79-08CC-D34D-AC3ADD1029F0}"
EndProject
Project("{FAE04EC0-301F-11D3-BF4B-00C04F79EFBC}") = "Unity.2D.PixelPerfect", "Unity.2D.PixelPerfect.Player.csproj", "{1D2554D2-3B6E-593E-C097-0E88080BEBFC}"
EndProject
Project("{FAE04EC0-301F-11D3-BF4B-00C04F79EFBC}") = "Unity.2D.Common.Runtime", "Unity.2D.Common.Runtime.Player.csproj", "{EFA63895-5D71-FF5A-7E32-76D8B37E075E}"
EndProject
Project("{FAE04EC0-301F-11D3-BF4B-00C04F79EFBC}") = "Unity.InternalAPIEngineBridge.001", "Unity.InternalAPIEngineBridge.001.Player.csproj", "{861EB8F6-B7C4-2CBC-21E8-C3C7E7397EE8}"
EndProject
Global
	GlobalSection(SolutionConfigurationPlatforms) = preSolution
		Debug|Any CPU = Debug|Any CPU
		Release|Any CPU = Release|Any CPU
	EndGlobalSection
	GlobalSection(ProjectConfigurationPlatforms) = postSolution
		{4A2C9189-8DF3-25A0-BD45-39CA4A6C1C42}.Debug|Any CPU.ActiveCfg = Debug|Any CPU
		{4A2C9189-8DF3-25A0-BD45-39CA4A6C1C42}.Debug|Any CPU.Build.0 = Debug|Any CPU
		{4A2C9189-8DF3-25A0-BD45-39CA4A6C1C42}.Release|Any CPU.ActiveCfg = Release|Any CPU
		{4A2C9189-8DF3-25A0-BD45-39CA4A6C1C42}.Release|Any CPU.Build.0 = Release|Any CPU
		{5B8DE827-4E58-08B2-A75A-6544FD990813}.Debug|Any CPU.ActiveCfg = Debug|Any CPU
		{5B8DE827-4E58-08B2-A75A-6544FD990813}.Debug|Any CPU.Build.0 = Debug|Any CPU
		{5B8DE827-4E58-08B2-A75A-6544FD990813}.Release|Any CPU.ActiveCfg = Release|Any CPU
		{5B8DE827-4E58-08B2-A75A-6544FD990813}.Release|Any CPU.Build.0 = Release|Any CPU
		{71D81D5F-54CB-CA04-F0B3-3CADC7DDB96C}.Debug|Any CPU.ActiveCfg = Debug|Any CPU
		{71D81D5F-54CB-CA04-F0B3-3CADC7DDB96C}.Debug|Any CPU.Build.0 = Debug|Any CPU
		{71D81D5F-54CB-CA04-F0B3-3CADC7DDB96C}.Release|Any CPU.ActiveCfg = Release|Any CPU
		{71D81D5F-54CB-CA04-F0B3-3CADC7DDB96C}.Release|Any CPU.Build.0 = Release|Any CPU
		{D0CEF1F6-5DDB-40AA-DABF-C5FB1F0A23AE}.Debug|Any CPU.ActiveCfg = Debug|Any CPU
		{D0CEF1F6-5DDB-40AA-DABF-C5FB1F0A23AE}.Debug|Any CPU.Build.0 = Debug|Any CPU
		{D0CEF1F6-5DDB-40AA-DABF-C5FB1F0A23AE}.Release|Any CPU.ActiveCfg = Release|Any CPU
		{D0CEF1F6-5DDB-40AA-DABF-C5FB1F0A23AE}.Release|Any CPU.Build.0 = Release|Any CPU
		{8D4B305F-0DCE-C66A-A820-14158701C779}.Debug|Any CPU.ActiveCfg = Debug|Any CPU
		{8D4B305F-0DCE-C66A-A820-14158701C779}.Debug|Any CPU.Build.0 = Debug|Any CPU
		{8D4B305F-0DCE-C66A-A820-14158701C779}.Release|Any CPU.ActiveCfg = Release|Any CPU
		{8D4B305F-0DCE-C66A-A820-14158701C779}.Release|Any CPU.Build.0 = Release|Any CPU
		{19E0BBEA-0E70-31BB-ABCA-117149FE0F1B}.Debug|Any CPU.ActiveCfg = Debug|Any CPU
		{19E0BBEA-0E70-31BB-ABCA-117149FE0F1B}.Debug|Any CPU.Build.0 = Debug|Any CPU
		{19E0BBEA-0E70-31BB-ABCA-117149FE0F1B}.Release|Any CPU.ActiveCfg = Release|Any CPU
		{19E0BBEA-0E70-31BB-ABCA-117149FE0F1B}.Release|Any CPU.Build.0 = Release|Any CPU
		{C00ACC0F-01A5-C1F1-F748-AF78985E28E9}.Debug|Any CPU.ActiveCfg = Debug|Any CPU
		{C00ACC0F-01A5-C1F1-F748-AF78985E28E9}.Debug|Any CPU.Build.0 = Debug|Any CPU
		{C00ACC0F-01A5-C1F1-F748-AF78985E28E9}.Release|Any CPU.ActiveCfg = Release|Any CPU
		{C00ACC0F-01A5-C1F1-F748-AF78985E28E9}.Release|Any CPU.Build.0 = Release|Any CPU
		{EFD42A85-9C53-08EE-9B34-C96B88210093}.Debug|Any CPU.ActiveCfg = Debug|Any CPU
		{EFD42A85-9C53-08EE-9B34-C96B88210093}.Debug|Any CPU.Build.0 = Debug|Any CPU
		{EFD42A85-9C53-08EE-9B34-C96B88210093}.Release|Any CPU.ActiveCfg = Release|Any CPU
		{EFD42A85-9C53-08EE-9B34-C96B88210093}.Release|Any CPU.Build.0 = Release|Any CPU
		{2D3E7C9C-5949-E884-C24A-8CFB429C8A2D}.Debug|Any CPU.ActiveCfg = Debug|Any CPU
		{2D3E7C9C-5949-E884-C24A-8CFB429C8A2D}.Debug|Any CPU.Build.0 = Debug|Any CPU
		{2D3E7C9C-5949-E884-C24A-8CFB429C8A2D}.Release|Any CPU.ActiveCfg = Release|Any CPU
		{2D3E7C9C-5949-E884-C24A-8CFB429C8A2D}.Release|Any CPU.Build.0 = Release|Any CPU
		{C923937F-AA92-6F70-9B21-84C41ECB513C}.Debug|Any CPU.ActiveCfg = Debug|Any CPU
		{C923937F-AA92-6F70-9B21-84C41ECB513C}.Debug|Any CPU.Build.0 = Debug|Any CPU
		{C923937F-AA92-6F70-9B21-84C41ECB513C}.Release|Any CPU.ActiveCfg = Release|Any CPU
		{C923937F-AA92-6F70-9B21-84C41ECB513C}.Release|Any CPU.Build.0 = Release|Any CPU
		{A52FE6FF-635F-B2FB-A99F-D12FE07EEE8C}.Debug|Any CPU.ActiveCfg = Debug|Any CPU
		{A52FE6FF-635F-B2FB-A99F-D12FE07EEE8C}.Debug|Any CPU.Build.0 = Debug|Any CPU
		{A52FE6FF-635F-B2FB-A99F-D12FE07EEE8C}.Release|Any CPU.ActiveCfg = Release|Any CPU
		{A52FE6FF-635F-B2FB-A99F-D12FE07EEE8C}.Release|Any CPU.Build.0 = Release|Any CPU
		{75F789EE-703E-D683-4995-5FB6D2A3F587}.Debug|Any CPU.ActiveCfg = Debug|Any CPU
		{75F789EE-703E-D683-4995-5FB6D2A3F587}.Debug|Any CPU.Build.0 = Debug|Any CPU
		{75F789EE-703E-D683-4995-5FB6D2A3F587}.Release|Any CPU.ActiveCfg = Release|Any CPU
		{75F789EE-703E-D683-4995-5FB6D2A3F587}.Release|Any CPU.Build.0 = Release|Any CPU
		{60367F7F-D90C-B78C-8F34-FE7D2E4D5566}.Debug|Any CPU.ActiveCfg = Debug|Any CPU
		{60367F7F-D90C-B78C-8F34-FE7D2E4D5566}.Debug|Any CPU.Build.0 = Debug|Any CPU
		{60367F7F-D90C-B78C-8F34-FE7D2E4D5566}.Release|Any CPU.ActiveCfg = Release|Any CPU
		{60367F7F-D90C-B78C-8F34-FE7D2E4D5566}.Release|Any CPU.Build.0 = Release|Any CPU
		{478ECA82-EC24-5EF7-77D7-B4380CEBACDA}.Debug|Any CPU.ActiveCfg = Debug|Any CPU
		{478ECA82-EC24-5EF7-77D7-B4380CEBACDA}.Debug|Any CPU.Build.0 = Debug|Any CPU
		{478ECA82-EC24-5EF7-77D7-B4380CEBACDA}.Release|Any CPU.ActiveCfg = Release|Any CPU
		{478ECA82-EC24-5EF7-77D7-B4380CEBACDA}.Release|Any CPU.Build.0 = Release|Any CPU
		{99F635D1-2CB0-6BE7-C070-19F0AA6F0272}.Debug|Any CPU.ActiveCfg = Debug|Any CPU
		{99F635D1-2CB0-6BE7-C070-19F0AA6F0272}.Debug|Any CPU.Build.0 = Debug|Any CPU
		{99F635D1-2CB0-6BE7-C070-19F0AA6F0272}.Release|Any CPU.ActiveCfg = Release|Any CPU
		{99F635D1-2CB0-6BE7-C070-19F0AA6F0272}.Release|Any CPU.Build.0 = Release|Any CPU
		{C7029EA1-4736-2879-9547-5275AE49AD44}.Debug|Any CPU.ActiveCfg = Debug|Any CPU
		{C7029EA1-4736-2879-9547-5275AE49AD44}.Debug|Any CPU.Build.0 = Debug|Any CPU
		{C7029EA1-4736-2879-9547-5275AE49AD44}.Release|Any CPU.ActiveCfg = Release|Any CPU
		{C7029EA1-4736-2879-9547-5275AE49AD44}.Release|Any CPU.Build.0 = Release|Any CPU
		{1F3E464C-0F3D-24EC-DDC9-A76E2CC661EA}.Debug|Any CPU.ActiveCfg = Debug|Any CPU
		{1F3E464C-0F3D-24EC-DDC9-A76E2CC661EA}.Debug|Any CPU.Build.0 = Debug|Any CPU
		{1F3E464C-0F3D-24EC-DDC9-A76E2CC661EA}.Release|Any CPU.ActiveCfg = Release|Any CPU
		{1F3E464C-0F3D-24EC-DDC9-A76E2CC661EA}.Release|Any CPU.Build.0 = Release|Any CPU
		{5C3705B1-B20F-2A70-9D8A-E3210722AA9D}.Debug|Any CPU.ActiveCfg = Debug|Any CPU
		{5C3705B1-B20F-2A70-9D8A-E3210722AA9D}.Debug|Any CPU.Build.0 = Debug|Any CPU
		{5C3705B1-B20F-2A70-9D8A-E3210722AA9D}.Release|Any CPU.ActiveCfg = Release|Any CPU
		{5C3705B1-B20F-2A70-9D8A-E3210722AA9D}.Release|Any CPU.Build.0 = Release|Any CPU
		{8077D315-FDA2-F1B9-C177-BD2BE500884B}.Debug|Any CPU.ActiveCfg = Debug|Any CPU
		{8077D315-FDA2-F1B9-C177-BD2BE500884B}.Debug|Any CPU.Build.0 = Debug|Any CPU
		{8077D315-FDA2-F1B9-C177-BD2BE500884B}.Release|Any CPU.ActiveCfg = Release|Any CPU
		{8077D315-FDA2-F1B9-C177-BD2BE500884B}.Release|Any CPU.Build.0 = Release|Any CPU
		{2C55B03F-97EA-16EE-3F0A-FB23A345CE39}.Debug|Any CPU.ActiveCfg = Debug|Any CPU
		{2C55B03F-97EA-16EE-3F0A-FB23A345CE39}.Debug|Any CPU.Build.0 = Debug|Any CPU
		{2C55B03F-97EA-16EE-3F0A-FB23A345CE39}.Release|Any CPU.ActiveCfg = Release|Any CPU
		{2C55B03F-97EA-16EE-3F0A-FB23A345CE39}.Release|Any CPU.Build.0 = Release|Any CPU
		{B4AB30BC-7E09-5227-069A-15B9DAEE6268}.Debug|Any CPU.ActiveCfg = Debug|Any CPU
		{B4AB30BC-7E09-5227-069A-15B9DAEE6268}.Debug|Any CPU.Build.0 = Debug|Any CPU
		{B4AB30BC-7E09-5227-069A-15B9DAEE6268}.Release|Any CPU.ActiveCfg = Release|Any CPU
		{B4AB30BC-7E09-5227-069A-15B9DAEE6268}.Release|Any CPU.Build.0 = Release|Any CPU
		{90FD06AD-BF52-4FF3-7488-2B445B2A7411}.Debug|Any CPU.ActiveCfg = Debug|Any CPU
		{90FD06AD-BF52-4FF3-7488-2B445B2A7411}.Debug|Any CPU.Build.0 = Debug|Any CPU
		{90FD06AD-BF52-4FF3-7488-2B445B2A7411}.Release|Any CPU.ActiveCfg = Release|Any CPU
		{90FD06AD-BF52-4FF3-7488-2B445B2A7411}.Release|Any CPU.Build.0 = Release|Any CPU
		{AA52AA10-0212-3F91-AA4E-13E4BDCF9E03}.Debug|Any CPU.ActiveCfg = Debug|Any CPU
		{AA52AA10-0212-3F91-AA4E-13E4BDCF9E03}.Debug|Any CPU.Build.0 = Debug|Any CPU
		{AA52AA10-0212-3F91-AA4E-13E4BDCF9E03}.Release|Any CPU.ActiveCfg = Release|Any CPU
		{AA52AA10-0212-3F91-AA4E-13E4BDCF9E03}.Release|Any CPU.Build.0 = Release|Any CPU
		{B8CF7844-54A0-0322-16BF-940502A6346A}.Debug|Any CPU.ActiveCfg = Debug|Any CPU
		{B8CF7844-54A0-0322-16BF-940502A6346A}.Debug|Any CPU.Build.0 = Debug|Any CPU
		{B8CF7844-54A0-0322-16BF-940502A6346A}.Release|Any CPU.ActiveCfg = Release|Any CPU
		{B8CF7844-54A0-0322-16BF-940502A6346A}.Release|Any CPU.Build.0 = Release|Any CPU
		{0A424769-B248-A7D6-E223-29DE101DC2E2}.Debug|Any CPU.ActiveCfg = Debug|Any CPU
		{0A424769-B248-A7D6-E223-29DE101DC2E2}.Debug|Any CPU.Build.0 = Debug|Any CPU
		{0A424769-B248-A7D6-E223-29DE101DC2E2}.Release|Any CPU.ActiveCfg = Release|Any CPU
		{0A424769-B248-A7D6-E223-29DE101DC2E2}.Release|Any CPU.Build.0 = Release|Any CPU
		{65707F3A-65AF-3A8B-55D3-E2EA46BC8DB8}.Debug|Any CPU.ActiveCfg = Debug|Any CPU
		{65707F3A-65AF-3A8B-55D3-E2EA46BC8DB8}.Debug|Any CPU.Build.0 = Debug|Any CPU
		{65707F3A-65AF-3A8B-55D3-E2EA46BC8DB8}.Release|Any CPU.ActiveCfg = Release|Any CPU
		{65707F3A-65AF-3A8B-55D3-E2EA46BC8DB8}.Release|Any CPU.Build.0 = Release|Any CPU
		{702473F2-E629-A558-E5A1-01F5DFE1A48B}.Debug|Any CPU.ActiveCfg = Debug|Any CPU
		{702473F2-E629-A558-E5A1-01F5DFE1A48B}.Debug|Any CPU.Build.0 = Debug|Any CPU
		{702473F2-E629-A558-E5A1-01F5DFE1A48B}.Release|Any CPU.ActiveCfg = Release|Any CPU
		{702473F2-E629-A558-E5A1-01F5DFE1A48B}.Release|Any CPU.Build.0 = Release|Any CPU
		{281A2991-441D-DF49-FA8A-511A6A020FEF}.Debug|Any CPU.ActiveCfg = Debug|Any CPU
		{281A2991-441D-DF49-FA8A-511A6A020FEF}.Debug|Any CPU.Build.0 = Debug|Any CPU
		{281A2991-441D-DF49-FA8A-511A6A020FEF}.Release|Any CPU.ActiveCfg = Release|Any CPU
		{281A2991-441D-DF49-FA8A-511A6A020FEF}.Release|Any CPU.Build.0 = Release|Any CPU
		{AB84C4D4-10BF-595D-C76A-553177D5E376}.Debug|Any CPU.ActiveCfg = Debug|Any CPU
		{AB84C4D4-10BF-595D-C76A-553177D5E376}.Debug|Any CPU.Build.0 = Debug|Any CPU
		{AB84C4D4-10BF-595D-C76A-553177D5E376}.Release|Any CPU.ActiveCfg = Release|Any CPU
		{AB84C4D4-10BF-595D-C76A-553177D5E376}.Release|Any CPU.Build.0 = Release|Any CPU
		{A1803F7C-2C07-E5C5-3744-069C89B82ABC}.Debug|Any CPU.ActiveCfg = Debug|Any CPU
		{A1803F7C-2C07-E5C5-3744-069C89B82ABC}.Debug|Any CPU.Build.0 = Debug|Any CPU
		{A1803F7C-2C07-E5C5-3744-069C89B82ABC}.Release|Any CPU.ActiveCfg = Release|Any CPU
		{A1803F7C-2C07-E5C5-3744-069C89B82ABC}.Release|Any CPU.Build.0 = Release|Any CPU
		{F4482F1D-4E4D-BF50-B1DC-52747E764B51}.Debug|Any CPU.ActiveCfg = Debug|Any CPU
		{F4482F1D-4E4D-BF50-B1DC-52747E764B51}.Debug|Any CPU.Build.0 = Debug|Any CPU
		{F4482F1D-4E4D-BF50-B1DC-52747E764B51}.Release|Any CPU.ActiveCfg = Release|Any CPU
		{F4482F1D-4E4D-BF50-B1DC-52747E764B51}.Release|Any CPU.Build.0 = Release|Any CPU
		{095184C8-53F5-890D-BFD3-A836428F3B3E}.Debug|Any CPU.ActiveCfg = Debug|Any CPU
		{095184C8-53F5-890D-BFD3-A836428F3B3E}.Debug|Any CPU.Build.0 = Debug|Any CPU
		{095184C8-53F5-890D-BFD3-A836428F3B3E}.Release|Any CPU.ActiveCfg = Release|Any CPU
		{095184C8-53F5-890D-BFD3-A836428F3B3E}.Release|Any CPU.Build.0 = Release|Any CPU
		{83A78BA2-96CF-8B24-384A-9593F6A46F5C}.Debug|Any CPU.ActiveCfg = Debug|Any CPU
		{83A78BA2-96CF-8B24-384A-9593F6A46F5C}.Debug|Any CPU.Build.0 = Debug|Any CPU
		{83A78BA2-96CF-8B24-384A-9593F6A46F5C}.Release|Any CPU.ActiveCfg = Release|Any CPU
		{83A78BA2-96CF-8B24-384A-9593F6A46F5C}.Release|Any CPU.Build.0 = Release|Any CPU
		{1E2777DF-947E-C464-06D4-06C6ECDCC54C}.Debug|Any CPU.ActiveCfg = Debug|Any CPU
		{1E2777DF-947E-C464-06D4-06C6ECDCC54C}.Debug|Any CPU.Build.0 = Debug|Any CPU
		{1E2777DF-947E-C464-06D4-06C6ECDCC54C}.Release|Any CPU.ActiveCfg = Release|Any CPU
		{1E2777DF-947E-C464-06D4-06C6ECDCC54C}.Release|Any CPU.Build.0 = Release|Any CPU
		{E85F23D6-4C84-5F9E-4D6E-13B603FAB155}.Debug|Any CPU.ActiveCfg = Debug|Any CPU
		{E85F23D6-4C84-5F9E-4D6E-13B603FAB155}.Debug|Any CPU.Build.0 = Debug|Any CPU
		{E85F23D6-4C84-5F9E-4D6E-13B603FAB155}.Release|Any CPU.ActiveCfg = Release|Any CPU
		{E85F23D6-4C84-5F9E-4D6E-13B603FAB155}.Release|Any CPU.Build.0 = Release|Any CPU
		{162F33B7-B1FA-F011-EF41-F73BD43D1A4F}.Debug|Any CPU.ActiveCfg = Debug|Any CPU
		{162F33B7-B1FA-F011-EF41-F73BD43D1A4F}.Debug|Any CPU.Build.0 = Debug|Any CPU
		{162F33B7-B1FA-F011-EF41-F73BD43D1A4F}.Release|Any CPU.ActiveCfg = Release|Any CPU
		{162F33B7-B1FA-F011-EF41-F73BD43D1A4F}.Release|Any CPU.Build.0 = Release|Any CPU
		{F28A7C43-D5DA-3DFC-9790-39FA4752773B}.Debug|Any CPU.ActiveCfg = Debug|Any CPU
		{F28A7C43-D5DA-3DFC-9790-39FA4752773B}.Debug|Any CPU.Build.0 = Debug|Any CPU
		{F28A7C43-D5DA-3DFC-9790-39FA4752773B}.Release|Any CPU.ActiveCfg = Release|Any CPU
		{F28A7C43-D5DA-3DFC-9790-39FA4752773B}.Release|Any CPU.Build.0 = Release|Any CPU
		{B79BA392-FFEF-4729-E4D4-85EBE7150FED}.Debug|Any CPU.ActiveCfg = Debug|Any CPU
		{B79BA392-FFEF-4729-E4D4-85EBE7150FED}.Debug|Any CPU.Build.0 = Debug|Any CPU
		{B79BA392-FFEF-4729-E4D4-85EBE7150FED}.Release|Any CPU.ActiveCfg = Release|Any CPU
		{B79BA392-FFEF-4729-E4D4-85EBE7150FED}.Release|Any CPU.Build.0 = Release|Any CPU
		{09702A1F-EC8C-6FC3-09AB-FE9185B58C36}.Debug|Any CPU.ActiveCfg = Debug|Any CPU
		{09702A1F-EC8C-6FC3-09AB-FE9185B58C36}.Debug|Any CPU.Build.0 = Debug|Any CPU
		{09702A1F-EC8C-6FC3-09AB-FE9185B58C36}.Release|Any CPU.ActiveCfg = Release|Any CPU
		{09702A1F-EC8C-6FC3-09AB-FE9185B58C36}.Release|Any CPU.Build.0 = Release|Any CPU
		{5CA2FA4E-2649-4BE8-7B8E-6042E1B11D19}.Debug|Any CPU.ActiveCfg = Debug|Any CPU
		{5CA2FA4E-2649-4BE8-7B8E-6042E1B11D19}.Debug|Any CPU.Build.0 = Debug|Any CPU
		{5CA2FA4E-2649-4BE8-7B8E-6042E1B11D19}.Release|Any CPU.ActiveCfg = Release|Any CPU
		{5CA2FA4E-2649-4BE8-7B8E-6042E1B11D19}.Release|Any CPU.Build.0 = Release|Any CPU
		{3128C22C-2AE6-329C-ADA6-15A3052B269A}.Debug|Any CPU.ActiveCfg = Debug|Any CPU
		{3128C22C-2AE6-329C-ADA6-15A3052B269A}.Debug|Any CPU.Build.0 = Debug|Any CPU
		{3128C22C-2AE6-329C-ADA6-15A3052B269A}.Release|Any CPU.ActiveCfg = Release|Any CPU
		{3128C22C-2AE6-329C-ADA6-15A3052B269A}.Release|Any CPU.Build.0 = Release|Any CPU
		{8463D6D4-E824-2BFD-EFD0-159D1E878699}.Debug|Any CPU.ActiveCfg = Debug|Any CPU
		{8463D6D4-E824-2BFD-EFD0-159D1E878699}.Debug|Any CPU.Build.0 = Debug|Any CPU
		{8463D6D4-E824-2BFD-EFD0-159D1E878699}.Release|Any CPU.ActiveCfg = Release|Any CPU
		{8463D6D4-E824-2BFD-EFD0-159D1E878699}.Release|Any CPU.Build.0 = Release|Any CPU
		{EFFC6106-7ADA-E1DC-54E7-076B0DF9CF76}.Debug|Any CPU.ActiveCfg = Debug|Any CPU
		{EFFC6106-7ADA-E1DC-54E7-076B0DF9CF76}.Debug|Any CPU.Build.0 = Debug|Any CPU
		{EFFC6106-7ADA-E1DC-54E7-076B0DF9CF76}.Release|Any CPU.ActiveCfg = Release|Any CPU
		{EFFC6106-7ADA-E1DC-54E7-076B0DF9CF76}.Release|Any CPU.Build.0 = Release|Any CPU
		{8A7520BA-2A79-08CC-D34D-AC3ADD1029F0}.Debug|Any CPU.ActiveCfg = Debug|Any CPU
		{8A7520BA-2A79-08CC-D34D-AC3ADD1029F0}.Debug|Any CPU.Build.0 = Debug|Any CPU
		{8A7520BA-2A79-08CC-D34D-AC3ADD1029F0}.Release|Any CPU.ActiveCfg = Release|Any CPU
		{8A7520BA-2A79-08CC-D34D-AC3ADD1029F0}.Release|Any CPU.Build.0 = Release|Any CPU
		{1D2554D2-3B6E-593E-C097-0E88080BEBFC}.Debug|Any CPU.ActiveCfg = Debug|Any CPU
		{1D2554D2-3B6E-593E-C097-0E88080BEBFC}.Debug|Any CPU.Build.0 = Debug|Any CPU
		{1D2554D2-3B6E-593E-C097-0E88080BEBFC}.Release|Any CPU.ActiveCfg = Release|Any CPU
		{1D2554D2-3B6E-593E-C097-0E88080BEBFC}.Release|Any CPU.Build.0 = Release|Any CPU
		{EFA63895-5D71-FF5A-7E32-76D8B37E075E}.Debug|Any CPU.ActiveCfg = Debug|Any CPU
		{EFA63895-5D71-FF5A-7E32-76D8B37E075E}.Debug|Any CPU.Build.0 = Debug|Any CPU
		{EFA63895-5D71-FF5A-7E32-76D8B37E075E}.Release|Any CPU.ActiveCfg = Release|Any CPU
		{EFA63895-5D71-FF5A-7E32-76D8B37E075E}.Release|Any CPU.Build.0 = Release|Any CPU
		{861EB8F6-B7C4-2CBC-21E8-C3C7E7397EE8}.Debug|Any CPU.ActiveCfg = Debug|Any CPU
		{861EB8F6-B7C4-2CBC-21E8-C3C7E7397EE8}.Debug|Any CPU.Build.0 = Debug|Any CPU
		{861EB8F6-B7C4-2CBC-21E8-C3C7E7397EE8}.Release|Any CPU.ActiveCfg = Release|Any CPU
		{861EB8F6-B7C4-2CBC-21E8-C3C7E7397EE8}.Release|Any CPU.Build.0 = Release|Any CPU
	EndGlobalSection
	GlobalSection(SolutionProperties) = preSolution
		HideSolutionNode = FALSE
	EndGlobalSection
EndGlobal
